{
    "_readme": [
        "This file locks the dependencies of your project to a known state",
        "Read more about it at http://getcomposer.org/doc/01-basic-usage.md#composer-lock-the-lock-file"
    ],
    "hash": "362bf557b3192a85d0ed78b765aff0e0",
    "packages": [
        {
            "name": "mynameiszanders/when",
            "version": "dev-master",
            "source": {
                "type": "git",
                "url": "https://github.com/mynameiszanders/when.git",
                "reference": "5b67be6315bc8c1cb10f52854c003fcee288e44f"
            },
            "dist": {
                "type": "zip",
                "url": "https://api.github.com/repos/mynameiszanders/when/zipball/5b67be6315bc8c1cb10f52854c003fcee288e44f",
                "reference": "5b67be6315bc8c1cb10f52854c003fcee288e44f",
                "shasum": ""
            },
            "require": {
                "php": ">=5.3.0"
            },
            "require-dev": {
                "sami/sami": "1.2"
            },
            "type": "library",
            "autoload": {
                "psr-0": {
                    "When": "src/"
                }
            },
            "notification-url": "https://packagist.org/downloads/",
            "license": [
                "MIT"
            ],
            "authors": [
                {
                    "name": "Tom Planer",
                    "email": "tplaner@gmail.com",
                    "homepage": "https://github.com/tplaner"
                },
                {
                    "name": "Zander Baldwin",
                    "email": "mynameiszanders@gmail.com",
                    "homepage": "http://mynameis.zande.rs",
                    "role": "Developer"
                }
            ],
            "description": "Date/Calendar recursion library.",
            "homepage": "https://github.com/mynameiszanders/when",
            "keywords": [
                "calendar",
                "date",
                "datetime",
                "recurrence",
                "recursion",
                "time"
            ],
            "time": "2014-03-07 11:10:56"
        },
        {
            "name": "simshaun/recurr",
            "version": "dev-master",
            "source": {
                "type": "git",
                "url": "https://github.com/simshaun/recurr.git",
                "reference": "c90027564151953e487d9e0de3662b0c0b1e9fd1"
            },
            "dist": {
                "type": "zip",
                "url": "https://api.github.com/repos/simshaun/recurr/zipball/c90027564151953e487d9e0de3662b0c0b1e9fd1",
                "reference": "c90027564151953e487d9e0de3662b0c0b1e9fd1",
                "shasum": ""
            },
            "require": {
                "php": ">=5.3.0"
            },
            "require-dev": {
                "phpunit/phpunit": "3.7.*"
            },
            "type": "library",
            "extra": {
                "branch-alias": {
                    "dev-master": "1.0.x-dev"
                }
            },
            "autoload": {
                "psr-0": {
                    "Recurr": "src/"
                }
            },
            "notification-url": "https://packagist.org/downloads/",
            "license": [
                "MIT"
            ],
            "authors": [
                {
                    "name": "Shaun Simmons",
                    "email": "shaun@envysphere.com",
                    "homepage": "http://envysphere.com"
                }
            ],
            "description": "PHP library for working with recurrence rules",
            "homepage": "https://github.com/simshaun/recurr",
            "keywords": [
                "dates",
                "events",
                "recurrence",
                "recurring",
                "rrule"
            ],
            "time": "2014-03-16 10:02:08"
        }
    ],
    "packages-dev": [

    ],
    "aliases": [

    ],
    "minimum-stability": "stable",
    "stability-flags": {
        "mynameiszanders/when": 20,
        "simshaun/recurr": 20
    },
    "platform": [

    ],
    "platform-dev": [

    ]
}
